// !$*UTF8*$!
{
	archiveVersion = 1;
	classes = {
	};
	objectVersion = 46;
	objects = {

/* Begin PBXBuildFile section */
		127A54501EC2505E003292FF /* AppDelegate.swift in Sources */ = {isa = PBXBuildFile; fileRef = 127A544F1EC2505E003292FF /* AppDelegate.swift */; };
		127A54521EC2505E003292FF /* ViewController.swift in Sources */ = {isa = PBXBuildFile; fileRef = 127A54511EC2505E003292FF /* ViewController.swift */; };
		127A54551EC2505E003292FF /* Main.storyboard in Resources */ = {isa = PBXBuildFile; fileRef = 127A54531EC2505E003292FF /* Main.storyboard */; };
		127A54571EC2505E003292FF /* Assets.xcassets in Resources */ = {isa = PBXBuildFile; fileRef = 127A54561EC2505E003292FF /* Assets.xcassets */; };
		127A545A1EC2505E003292FF /* LaunchScreen.storyboard in Resources */ = {isa = PBXBuildFile; fileRef = 127A54581EC2505E003292FF /* LaunchScreen.storyboard */; };
		127A54631EC25404003292FF /* PersistenceError.swift in Sources */ = {isa = PBXBuildFile; fileRef = 127A54621EC25404003292FF /* PersistenceError.swift */; };
		127A54651EC2543A003292FF /* Endpoints.swift in Sources */ = {isa = PBXBuildFile; fileRef = 127A54641EC2543A003292FF /* Endpoints.swift */; };
		127A54691EC25D24003292FF /* LoginModel.swift in Sources */ = {isa = PBXBuildFile; fileRef = 127A54681EC25D24003292FF /* LoginModel.swift */; };
		127A54741EC26562003292FF /* Alamofire.framework in Frameworks */ = {isa = PBXBuildFile; fileRef = 127A546F1EC26562003292FF /* Alamofire.framework */; };
		127A54751EC26562003292FF /* AlamofireImage.framework in Frameworks */ = {isa = PBXBuildFile; fileRef = 127A54701EC26562003292FF /* AlamofireImage.framework */; };
		127A54761EC26562003292FF /* AlamofireObjectMapper.framework in Frameworks */ = {isa = PBXBuildFile; fileRef = 127A54711EC26562003292FF /* AlamofireObjectMapper.framework */; };
		127A54771EC26562003292FF /* ObjectMapper.framework in Frameworks */ = {isa = PBXBuildFile; fileRef = 127A54721EC26562003292FF /* ObjectMapper.framework */; };
		127A54781EC26562003292FF /* PKHUD.framework in Frameworks */ = {isa = PBXBuildFile; fileRef = 127A54731EC26562003292FF /* PKHUD.framework */; };
		622EF072C65680BBEB4D1B18 /* Pods_Take_a_Bird.framework in Frameworks */ = {isa = PBXBuildFile; fileRef = 0C0C0A6B9E85E0F43FDAD21D /* Pods_Take_a_Bird.framework */; };
/* End PBXBuildFile section */

/* Begin PBXFileReference section */
		0C0C0A6B9E85E0F43FDAD21D /* Pods_Take_a_Bird.framework */ = {isa = PBXFileReference; explicitFileType = wrapper.framework; includeInIndex = 0; path = Pods_Take_a_Bird.framework; sourceTree = BUILT_PRODUCTS_DIR; };
		127A544C1EC2505E003292FF /* Take a Bird.app */ = {isa = PBXFileReference; explicitFileType = wrapper.application; includeInIndex = 0; path = "Take a Bird.app"; sourceTree = BUILT_PRODUCTS_DIR; };
		127A544F1EC2505E003292FF /* AppDelegate.swift */ = {isa = PBXFileReference; lastKnownFileType = sourcecode.swift; path = AppDelegate.swift; sourceTree = "<group>"; };
		127A54511EC2505E003292FF /* ViewController.swift */ = {isa = PBXFileReference; lastKnownFileType = sourcecode.swift; path = ViewController.swift; sourceTree = "<group>"; };
		127A54541EC2505E003292FF /* Base */ = {isa = PBXFileReference; lastKnownFileType = file.storyboard; name = Base; path = Base.lproj/Main.storyboard; sourceTree = "<group>"; };
		127A54561EC2505E003292FF /* Assets.xcassets */ = {isa = PBXFileReference; lastKnownFileType = folder.assetcatalog; path = Assets.xcassets; sourceTree = "<group>"; };
		127A54591EC2505E003292FF /* Base */ = {isa = PBXFileReference; lastKnownFileType = file.storyboard; name = Base; path = Base.lproj/LaunchScreen.storyboard; sourceTree = "<group>"; };
		127A545B1EC2505E003292FF /* Info.plist */ = {isa = PBXFileReference; lastKnownFileType = text.plist.xml; path = Info.plist; sourceTree = "<group>"; };
		127A54621EC25404003292FF /* PersistenceError.swift */ = {isa = PBXFileReference; fileEncoding = 4; lastKnownFileType = sourcecode.swift; path = PersistenceError.swift; sourceTree = "<group>"; };
		127A54641EC2543A003292FF /* Endpoints.swift */ = {isa = PBXFileReference; fileEncoding = 4; lastKnownFileType = sourcecode.swift; path = Endpoints.swift; sourceTree = "<group>"; };
		127A54681EC25D24003292FF /* LoginModel.swift */ = {isa = PBXFileReference; fileEncoding = 4; lastKnownFileType = sourcecode.swift; path = LoginModel.swift; sourceTree = "<group>"; };
		127A546F1EC26562003292FF /* Alamofire.framework */ = {isa = PBXFileReference; lastKnownFileType = wrapper.framework; name = Alamofire.framework; path = "../../../../../../Users/macbook3/Library/Developer/Xcode/DerivedData/Take_a_Bird-bltwjyqwekwxopfsmwreqozacpmr/Build/Products/Debug-iphonesimulator/Alamofire/Alamofire.framework"; sourceTree = "<group>"; };
		127A54701EC26562003292FF /* AlamofireImage.framework */ = {isa = PBXFileReference; lastKnownFileType = wrapper.framework; name = AlamofireImage.framework; path = "../../../../../../Users/macbook3/Library/Developer/Xcode/DerivedData/Take_a_Bird-bltwjyqwekwxopfsmwreqozacpmr/Build/Products/Debug-iphonesimulator/AlamofireImage/AlamofireImage.framework"; sourceTree = "<group>"; };
		127A54711EC26562003292FF /* AlamofireObjectMapper.framework */ = {isa = PBXFileReference; lastKnownFileType = wrapper.framework; name = AlamofireObjectMapper.framework; path = "../../../../../../Users/macbook3/Library/Developer/Xcode/DerivedData/Take_a_Bird-bltwjyqwekwxopfsmwreqozacpmr/Build/Products/Debug-iphonesimulator/AlamofireObjectMapper/AlamofireObjectMapper.framework"; sourceTree = "<group>"; };
		127A54721EC26562003292FF /* ObjectMapper.framework */ = {isa = PBXFileReference; lastKnownFileType = wrapper.framework; name = ObjectMapper.framework; path = "../../../../../../Users/macbook3/Library/Developer/Xcode/DerivedData/Take_a_Bird-bltwjyqwekwxopfsmwreqozacpmr/Build/Products/Debug-iphonesimulator/ObjectMapper/ObjectMapper.framework"; sourceTree = "<group>"; };
		127A54731EC26562003292FF /* PKHUD.framework */ = {isa = PBXFileReference; lastKnownFileType = wrapper.framework; name = PKHUD.framework; path = "../../../../../../Users/macbook3/Library/Developer/Xcode/DerivedData/Take_a_Bird-bltwjyqwekwxopfsmwreqozacpmr/Build/Products/Debug-iphonesimulator/PKHUD/PKHUD.framework"; sourceTree = "<group>"; };
		1B07A4EA67BD07996584BF93 /* Pods-Take a Bird.release.xcconfig */ = {isa = PBXFileReference; includeInIndex = 1; lastKnownFileType = text.xcconfig; name = "Pods-Take a Bird.release.xcconfig"; path = "Pods/Target Support Files/Pods-Take a Bird/Pods-Take a Bird.release.xcconfig"; sourceTree = "<group>"; };
		AF18FFD18533F78BF61CA1A6 /* Pods-Take a Bird.debug.xcconfig */ = {isa = PBXFileReference; includeInIndex = 1; lastKnownFileType = text.xcconfig; name = "Pods-Take a Bird.debug.xcconfig"; path = "Pods/Target Support Files/Pods-Take a Bird/Pods-Take a Bird.debug.xcconfig"; sourceTree = "<group>"; };
/* End PBXFileReference section */

/* Begin PBXFrameworksBuildPhase section */
		127A54491EC2505E003292FF /* Frameworks */ = {
			isa = PBXFrameworksBuildPhase;
			buildActionMask = 2147483647;
			files = (
				622EF072C65680BBEB4D1B18 /* Pods_Take_a_Bird.framework in Frameworks */,
				127A54741EC26562003292FF /* Alamofire.framework in Frameworks */,
				127A54751EC26562003292FF /* AlamofireImage.framework in Frameworks */,
				127A54761EC26562003292FF /* AlamofireObjectMapper.framework in Frameworks */,
				127A54771EC26562003292FF /* ObjectMapper.framework in Frameworks */,
				127A54781EC26562003292FF /* PKHUD.framework in Frameworks */,
			);
			runOnlyForDeploymentPostprocessing = 0;
		};
/* End PBXFrameworksBuildPhase section */

/* Begin PBXGroup section */
		127A54431EC2505E003292FF = {
			isa = PBXGroup;
			children = (
				127A544E1EC2505E003292FF /* Take a Bird */,
				127A544D1EC2505E003292FF /* Products */,
				8175FC3C3FAE89196BCE84C3 /* Pods */,
				B36CDF87227ABFF6FC12D4B7 /* Frameworks */,
			);
			sourceTree = "<group>";
		};
		127A544D1EC2505E003292FF /* Products */ = {
			isa = PBXGroup;
			children = (
				127A544C1EC2505E003292FF /* Take a Bird.app */,
			);
			name = Products;
			sourceTree = "<group>";
		};
		127A544E1EC2505E003292FF /* Take a Bird */ = {
			isa = PBXGroup;
			children = (
				127A54661EC25CC1003292FF /* Entities */,
				127A54611EC253D2003292FF /* common */,
				127A544F1EC2505E003292FF /* AppDelegate.swift */,
				127A54511EC2505E003292FF /* ViewController.swift */,
				127A54531EC2505E003292FF /* Main.storyboard */,
				127A54561EC2505E003292FF /* Assets.xcassets */,
				127A54581EC2505E003292FF /* LaunchScreen.storyboard */,
				127A545B1EC2505E003292FF /* Info.plist */,
			);
			path = "Take a Bird";
			sourceTree = "<group>";
		};
		127A54611EC253D2003292FF /* common */ = {
			isa = PBXGroup;
			children = (
				127A54621EC25404003292FF /* PersistenceError.swift */,
				127A54641EC2543A003292FF /* Endpoints.swift */,
			);
			name = common;
			sourceTree = "<group>";
		};
		127A54661EC25CC1003292FF /* Entities */ = {
			isa = PBXGroup;
			children = (
				127A54671EC25CC8003292FF /* login */,
			);
			name = Entities;
			sourceTree = "<group>";
		};
		127A54671EC25CC8003292FF /* login */ = {
			isa = PBXGroup;
			children = (
				127A54681EC25D24003292FF /* LoginModel.swift */,
			);
			name = login;
			sourceTree = "<group>";
		};
		8175FC3C3FAE89196BCE84C3 /* Pods */ = {
			isa = PBXGroup;
			children = (
				AF18FFD18533F78BF61CA1A6 /* Pods-Take a Bird.debug.xcconfig */,
				1B07A4EA67BD07996584BF93 /* Pods-Take a Bird.release.xcconfig */,
			);
			name = Pods;
			sourceTree = "<group>";
		};
		B36CDF87227ABFF6FC12D4B7 /* Frameworks */ = {
			isa = PBXGroup;
			children = (
				127A546F1EC26562003292FF /* Alamofire.framework */,
				127A54701EC26562003292FF /* AlamofireImage.framework */,
				127A54711EC26562003292FF /* AlamofireObjectMapper.framework */,
				127A54721EC26562003292FF /* ObjectMapper.framework */,
				127A54731EC26562003292FF /* PKHUD.framework */,
				0C0C0A6B9E85E0F43FDAD21D /* Pods_Take_a_Bird.framework */,
			);
			name = Frameworks;
			sourceTree = "<group>";
		};
/* End PBXGroup section */

/* Begin PBXNativeTarget section */
		127A544B1EC2505E003292FF /* Take a Bird */ = {
			isa = PBXNativeTarget;
			buildConfigurationList = 127A545E1EC2505E003292FF /* Build configuration list for PBXNativeTarget "Take a Bird" */;
			buildPhases = (
				3BE4F490DC3DBDF953019E7B /* [CP] Check Pods Manifest.lock */,
				127A54481EC2505E003292FF /* Sources */,
				127A54491EC2505E003292FF /* Frameworks */,
				127A544A1EC2505E003292FF /* Resources */,
				893B1706BE39F0DB47701638 /* [CP] Embed Pods Frameworks */,
				3575AC09DFDC2B139B96AEAA /* [CP] Copy Pods Resources */,
			);
			buildRules = (
			);
			dependencies = (
			);
			name = "Take a Bird";
			productName = "Take a Bird";
			productReference = 127A544C1EC2505E003292FF /* Take a Bird.app */;
			productType = "com.apple.product-type.application";
		};
/* End PBXNativeTarget section */

/* Begin PBXProject section */
		127A54441EC2505E003292FF /* Project object */ = {
			isa = PBXProject;
			attributes = {
				LastSwiftUpdateCheck = 0830;
				LastUpgradeCheck = 0830;
				ORGANIZATIONNAME = "Hispano Soluciones, C.A.";
				TargetAttributes = {
					127A544B1EC2505E003292FF = {
						CreatedOnToolsVersion = 8.3.2;
						ProvisioningStyle = Automatic;
					};
				};
			};
			buildConfigurationList = 127A54471EC2505E003292FF /* Build configuration list for PBXProject "Take a Bird" */;
			compatibilityVersion = "Xcode 3.2";
			developmentRegion = English;
			hasScannedForEncodings = 0;
			knownRegions = (
				en,
				Base,
			);
			mainGroup = 127A54431EC2505E003292FF;
			productRefGroup = 127A544D1EC2505E003292FF /* Products */;
			projectDirPath = "";
			projectRoot = "";
			targets = (
				127A544B1EC2505E003292FF /* Take a Bird */,
			);
		};
/* End PBXProject section */

/* Begin PBXResourcesBuildPhase section */
		127A544A1EC2505E003292FF /* Resources */ = {
			isa = PBXResourcesBuildPhase;
			buildActionMask = 2147483647;
			files = (
				127A545A1EC2505E003292FF /* LaunchScreen.storyboard in Resources */,
				127A54571EC2505E003292FF /* Assets.xcassets in Resources */,
				127A54551EC2505E003292FF /* Main.storyboard in Resources */,
			);
			runOnlyForDeploymentPostprocessing = 0;
		};
/* End PBXResourcesBuildPhase section */

/* Begin PBXShellScriptBuildPhase section */
		3575AC09DFDC2B139B96AEAA /* [CP] Copy Pods Resources */ = {
			isa = PBXShellScriptBuildPhase;
			buildActionMask = 2147483647;
			files = (
			);
			inputPaths = (
			);
			name = "[CP] Copy Pods Resources";
			outputPaths = (
			);
			runOnlyForDeploymentPostprocessing = 0;
			shellPath = /bin/sh;
			shellScript = "\"${SRCROOT}/Pods/Target Support Files/Pods-Take a Bird/Pods-Take a Bird-resources.sh\"\n";
			showEnvVarsInLog = 0;
		};
		3BE4F490DC3DBDF953019E7B /* [CP] Check Pods Manifest.lock */ = {
			isa = PBXShellScriptBuildPhase;
			buildActionMask = 2147483647;
			files = (
			);
			inputPaths = (
			);
			name = "[CP] Check Pods Manifest.lock";
			outputPaths = (
			);
			runOnlyForDeploymentPostprocessing = 0;
			shellPath = /bin/sh;
			shellScript = "diff \"${PODS_PODFILE_DIR_PATH}/Podfile.lock\" \"${PODS_ROOT}/Manifest.lock\" > /dev/null\nif [ $? != 0 ] ; then\n    # print error to STDERR\n    echo \"error: The sandbox is not in sync with the Podfile.lock. Run 'pod install' or update your CocoaPods installation.\" >&2\n    exit 1\nfi\n";
			showEnvVarsInLog = 0;
		};
		893B1706BE39F0DB47701638 /* [CP] Embed Pods Frameworks */ = {
			isa = PBXShellScriptBuildPhase;
			buildActionMask = 2147483647;
			files = (
			);
			inputPaths = (
			);
			name = "[CP] Embed Pods Frameworks";
			outputPaths = (
			);
			runOnlyForDeploymentPostprocessing = 0;
			shellPath = /bin/sh;
			shellScript = "\"${SRCROOT}/Pods/Target Support Files/Pods-Take a Bird/Pods-Take a Bird-frameworks.sh\"\n";
			showEnvVarsInLog = 0;
		};
/* End PBXShellScriptBuildPhase section */

/* Begin PBXSourcesBuildPhase section */
		127A54481EC2505E003292FF /* Sources */ = {
			isa = PBXSourcesBuildPhase;
			buildActionMask = 2147483647;
			files = (
				127A54691EC25D24003292FF /* LoginModel.swift in Sources */,
				127A54521EC2505E003292FF /* ViewController.swift in Sources */,
				127A54631EC25404003292FF /* PersistenceError.swift in Sources */,
				127A54651EC2543A003292FF /* Endpoints.swift in Sources */,
				127A54501EC2505E003292FF /* AppDelegate.swift in Sources */,
			);
			runOnlyForDeploymentPostprocessing = 0;
		};
/* End PBXSourcesBuildPhase section */

/* Begin PBXVariantGroup section */
		127A54531EC2505E003292FF /* Main.storyboard */ = {
			isa = PBXVariantGroup;
			children = (
				127A54541EC2505E003292FF /* Base */,
			);
			name = Main.storyboard;
			sourceTree = "<group>";
		};
		127A54581EC2505E003292FF /* LaunchScreen.storyboard */ = {
			isa = PBXVariantGroup;
			children = (
				127A54591EC2505E003292FF /* Base */,
			);
			name = LaunchScreen.storyboard;
			sourceTree = "<group>";
		};
/* End PBXVariantGroup section */

/* Begin XCBuildConfiguration section */
		127A545C1EC2505E003292FF /* Debug */ = {
			isa = XCBuildConfiguration;
			buildSettings = {
				ALWAYS_SEARCH_USER_PATHS = NO;
				CLANG_ANALYZER_NONNULL = YES;
				CLANG_ANALYZER_NUMBER_OBJECT_CONVERSION = YES_AGGRESSIVE;
				CLANG_CXX_LANGUAGE_STANDARD = "gnu++0x";
				CLANG_CXX_LIBRARY = "libc++";
				CLANG_ENABLE_MODULES = YES;
				CLANG_ENABLE_OBJC_ARC = YES;
				CLANG_WARN_BOOL_CONVERSION = YES;
				CLANG_WARN_CONSTANT_CONVERSION = YES;
				CLANG_WARN_DIRECT_OBJC_ISA_USAGE = YES_ERROR;
				CLANG_WARN_DOCUMENTATION_COMMENTS = YES;
				CLANG_WARN_EMPTY_BODY = YES;
				CLANG_WARN_ENUM_CONVERSION = YES;
				CLANG_WARN_INFINITE_RECURSION = YES;
				CLANG_WARN_INT_CONVERSION = YES;
				CLANG_WARN_OBJC_ROOT_CLASS = YES_ERROR;
				CLANG_WARN_SUSPICIOUS_MOVE = YES;
				CLANG_WARN_UNREACHABLE_CODE = YES;
				CLANG_WARN__DUPLICATE_METHOD_MATCH = YES;
				"CODE_SIGN_IDENTITY[sdk=iphoneos*]" = "iPhone Developer";
				COPY_PHASE_STRIP = NO;
				DEBUG_INFORMATION_FORMAT = dwarf;
				ENABLE_STRICT_OBJC_MSGSEND = YES;
				ENABLE_TESTABILITY = YES;
				GCC_C_LANGUAGE_STANDARD = gnu99;
				GCC_DYNAMIC_NO_PIC = NO;
				GCC_NO_COMMON_BLOCKS = YES;
				GCC_OPTIMIZATION_LEVEL = 0;
				GCC_PREPROCESSOR_DEFINITIONS = (
					"DEBUG=1",
					"$(inherited)",
				);
				GCC_WARN_64_TO_32_BIT_CONVERSION = YES;
				GCC_WARN_ABOUT_RETURN_TYPE = YES_ERROR;
				GCC_WARN_UNDECLARED_SELECTOR = YES;
				GCC_WARN_UNINITIALIZED_AUTOS = YES_AGGRESSIVE;
				GCC_WARN_UNUSED_FUNCTION = YES;
				GCC_WARN_UNUSED_VARIABLE = YES;
				IPHONEOS_DEPLOYMENT_TARGET = 10.3;
				MTL_ENABLE_DEBUG_INFO = YES;
				ONLY_ACTIVE_ARCH = YES;
				SDKROOT = iphoneos;
				SWIFT_ACTIVE_COMPILATION_CONDITIONS = DEBUG;
				SWIFT_OPTIMIZATION_LEVEL = "-Onone";
				TARGETED_DEVICE_FAMILY = "1,2";
			};
			name = Debug;
		};
		127A545D1EC2505E003292FF /* Release */ = {
			isa = XCBuildConfiguration;
			buildSettings = {
				ALWAYS_SEARCH_USER_PATHS = NO;
				CLANG_ANALYZER_NONNULL = YES;
				CLANG_ANALYZER_NUMBER_OBJECT_CONVERSION = YES_AGGRESSIVE;
				CLANG_CXX_LANGUAGE_STANDARD = "gnu++0x";
				CLANG_CXX_LIBRARY = "libc++";
				CLANG_ENABLE_MODULES = YES;
				CLANG_ENABLE_OBJC_ARC = YES;
				CLANG_WARN_BOOL_CONVERSION = YES;
				CLANG_WARN_CONSTANT_CONVERSION = YES;
				CLANG_WARN_DIRECT_OBJC_ISA_USAGE = YES_ERROR;
				CLANG_WARN_DOCUMENTATION_COMMENTS = YES;
				CLANG_WARN_EMPTY_BODY = YES;
				CLANG_WARN_ENUM_CONVERSION = YES;
				CLANG_WARN_INFINITE_RECURSION = YES;
				CLANG_WARN_INT_CONVERSION = YES;
				CLANG_WARN_OBJC_ROOT_CLASS = YES_ERROR;
				CLANG_WARN_SUSPICIOUS_MOVE = YES;
				CLANG_WARN_UNREACHABLE_CODE = YES;
				CLANG_WARN__DUPLICATE_METHOD_MATCH = YES;
				"CODE_SIGN_IDENTITY[sdk=iphoneos*]" = "iPhone Developer";
				COPY_PHASE_STRIP = NO;
				DEBUG_INFORMATION_FORMAT = "dwarf-with-dsym";
				ENABLE_NS_ASSERTIONS = NO;
				ENABLE_STRICT_OBJC_MSGSEND = YES;
				GCC_C_LANGUAGE_STANDARD = gnu99;
				GCC_NO_COMMON_BLOCKS = YES;
				GCC_WARN_64_TO_32_BIT_CONVERSION = YES;
				GCC_WARN_ABOUT_RETURN_TYPE = YES_ERROR;
				GCC_WARN_UNDECLARED_SELECTOR = YES;
				GCC_WARN_UNINITIALIZED_AUTOS = YES_AGGRESSIVE;
				GCC_WARN_UNUSED_FUNCTION = YES;
				GCC_WARN_UNUSED_VARIABLE = YES;
				IPHONEOS_DEPLOYMENT_TARGET = 10.3;
				MTL_ENABLE_DEBUG_INFO = NO;
				SDKROOT = iphoneos;
				SWIFT_OPTIMIZATION_LEVEL = "-Owholemodule";
				TARGETED_DEVICE_FAMILY = "1,2";
				VALIDATE_PRODUCT = YES;
			};
			name = Release;
		};
		127A545F1EC2505E003292FF /* Debug */ = {
			isa = XCBuildConfiguration;
			baseConfigurationReference = AF18FFD18533F78BF61CA1A6 /* Pods-Take a Bird.debug.xcconfig */;
			buildSettings = {
				ASSETCATALOG_COMPILER_APPICON_NAME = AppIcon;
				INFOPLIST_FILE = "Take a Bird/Info.plist";
				LD_RUNPATH_SEARCH_PATHS = "$(inherited) @executable_path/Frameworks";
				PRODUCT_BUNDLE_IDENTIFIER = "vmctechnology.com.Take-a-Bird";
				PRODUCT_NAME = "$(TARGET_NAME)";
				SWIFT_VERSION = 3.0;
			};
			name = Debug;
		};
		127A54601EC2505E003292FF /* Release */ = {
			isa = XCBuildConfiguration;
			baseConfigurationReference = 1B07A4EA67BD07996584BF93 /* Pods-Take a Bird.release.xcconfig */;
			buildSettings = {
				ASSETCATALOG_COMPILER_APPICON_NAME = AppIcon;
				INFOPLIST_FILE = "Take a Bird/Info.plist";
				LD_RUNPATH_SEARCH_PATHS = "$(inherited) @executable_path/Frameworks";
				PRODUCT_BUNDLE_IDENTIFIER = "vmctechnology.com.Take-a-Bird";
				PRODUCT_NAME = "$(TARGET_NAME)";
				SWIFT_VERSION = 3.0;
			};
			name = Release;
		};
/* End XCBuildConfiguration section */

/* Begin XCConfigurationList section */
		127A54471EC2505E003292FF /* Build configuration list for PBXProject "Take a Bird" */ = {
			isa = XCConfigurationList;
			buildConfigurations = (
				127A545C1EC2505E003292FF /* Debug */,
				127A545D1EC2505E003292FF /* Release */,
			);
			defaultConfigurationIsVisible = 0;
			defaultConfigurationName = Release;
		};
		127A545E1EC2505E003292FF /* Build configuration list for PBXNativeTarget "Take a Bird" */ = {
			isa = XCConfigurationList;
			buildConfigurations = (
				127A545F1EC2505E003292FF /* Debug */,
				127A54601EC2505E003292FF /* Release */,
			);
			defaultConfigurationIsVisible = 0;
			defaultConfigurationName = Release;
		};
/* End XCConfigurationList section */
	};
	rootObject = 127A54441EC2505E003292FF /* Project object */;
}
