// !$*UTF8*$!
{
	archiveVersion = 1;
	classes = {
	};
	objectVersion = 46;
	objects = {

/* Begin PBXBuildFile section */
		120DC5A21D2DF18200BADDCA /* CampaignsViewController.swift in Sources */ = {isa = PBXBuildFile; fileRef = 120DC5A11D2DF18200BADDCA /* CampaignsViewController.swift */; };
		120DC5A41D2DF21E00BADDCA /* StaticticsViewController.swift in Sources */ = {isa = PBXBuildFile; fileRef = 120DC5A31D2DF21E00BADDCA /* StaticticsViewController.swift */; };
		123320901D230F4A00BE0A95 /* LoginViewController.swift in Sources */ = {isa = PBXBuildFile; fileRef = 1233208F1D230F4900BE0A95 /* LoginViewController.swift */; };
		123320921D23E34400BE0A95 /* bg_navcontroller.png in Resources */ = {isa = PBXBuildFile; fileRef = 123320911D23E34400BE0A95 /* bg_navcontroller.png */; };
		123320961D2422FF00BE0A95 /* muestra_bar.png in Resources */ = {isa = PBXBuildFile; fileRef = 123320951D2422FF00BE0A95 /* muestra_bar.png */; };
		123320A51D24922300BE0A95 /* boton-anadir.png in Resources */ = {isa = PBXBuildFile; fileRef = 123320A11D24922300BE0A95 /* boton-anadir.png */; };
		123320A61D24922300BE0A95 /* flecha-derecha.png in Resources */ = {isa = PBXBuildFile; fileRef = 123320A21D24922300BE0A95 /* flecha-derecha.png */; };
		123320A71D24922300BE0A95 /* lista.png in Resources */ = {isa = PBXBuildFile; fileRef = 123320A31D24922300BE0A95 /* lista.png */; };
		123320A81D24922300BE0A95 /* sobre.png in Resources */ = {isa = PBXBuildFile; fileRef = 123320A41D24922300BE0A95 /* sobre.png */; };
		123320AA1D257B4800BE0A95 /* menu-de-lineas.png in Resources */ = {isa = PBXBuildFile; fileRef = 123320A91D257B4700BE0A95 /* menu-de-lineas.png */; };
		123320AC1D257BA000BE0A95 /* menu-de-lineas (1).png in Resources */ = {isa = PBXBuildFile; fileRef = 123320AB1D257BA000BE0A95 /* menu-de-lineas (1).png */; };
		123320AE1D2717BE00BE0A95 /* sobre-de-carta.png in Resources */ = {isa = PBXBuildFile; fileRef = 123320AD1D2717BD00BE0A95 /* sobre-de-carta.png */; };
		123320B01D27198600BE0A95 /* EmailListaStaticticsController.swift in Sources */ = {isa = PBXBuildFile; fileRef = 123320AF1D27198600BE0A95 /* EmailListaStaticticsController.swift */; };
		12477AD81D110316005B6391 /* AppDelegate.swift in Sources */ = {isa = PBXBuildFile; fileRef = 12477AD71D110316005B6391 /* AppDelegate.swift */; };
		12477ADA1D110316005B6391 /* ViewController.swift in Sources */ = {isa = PBXBuildFile; fileRef = 12477AD91D110316005B6391 /* ViewController.swift */; };
		12477ADD1D110316005B6391 /* Main.storyboard in Resources */ = {isa = PBXBuildFile; fileRef = 12477ADB1D110316005B6391 /* Main.storyboard */; };
		12477ADF1D110316005B6391 /* Assets.xcassets in Resources */ = {isa = PBXBuildFile; fileRef = 12477ADE1D110316005B6391 /* Assets.xcassets */; };
		12477AE21D110316005B6391 /* LaunchScreen.storyboard in Resources */ = {isa = PBXBuildFile; fileRef = 12477AE01D110316005B6391 /* LaunchScreen.storyboard */; };
		12477AEC1D110347005B6391 /* vmc2-plus.jpg in Resources */ = {isa = PBXBuildFile; fileRef = 12477AEA1D110347005B6391 /* vmc2-plus.jpg */; };
		12477AED1D110347005B6391 /* logo.png in Resources */ = {isa = PBXBuildFile; fileRef = 12477AEB1D110347005B6391 /* logo.png */; };
/* End PBXBuildFile section */

/* Begin PBXFileReference section */
		120DC5A11D2DF18200BADDCA /* CampaignsViewController.swift */ = {isa = PBXFileReference; fileEncoding = 4; lastKnownFileType = sourcecode.swift; path = CampaignsViewController.swift; sourceTree = "<group>"; };
		120DC5A31D2DF21E00BADDCA /* StaticticsViewController.swift */ = {isa = PBXFileReference; fileEncoding = 4; lastKnownFileType = sourcecode.swift; path = StaticticsViewController.swift; sourceTree = "<group>"; };
		1233208F1D230F4900BE0A95 /* LoginViewController.swift */ = {isa = PBXFileReference; fileEncoding = 4; lastKnownFileType = sourcecode.swift; path = LoginViewController.swift; sourceTree = "<group>"; };
		123320911D23E34400BE0A95 /* bg_navcontroller.png */ = {isa = PBXFileReference; lastKnownFileType = image.png; path = bg_navcontroller.png; sourceTree = "<group>"; };
		123320951D2422FF00BE0A95 /* muestra_bar.png */ = {isa = PBXFileReference; lastKnownFileType = image.png; path = muestra_bar.png; sourceTree = "<group>"; };
		123320A11D24922300BE0A95 /* boton-anadir.png */ = {isa = PBXFileReference; lastKnownFileType = image.png; path = "boton-anadir.png"; sourceTree = "<group>"; };
		123320A21D24922300BE0A95 /* flecha-derecha.png */ = {isa = PBXFileReference; lastKnownFileType = image.png; path = "flecha-derecha.png"; sourceTree = "<group>"; };
		123320A31D24922300BE0A95 /* lista.png */ = {isa = PBXFileReference; lastKnownFileType = image.png; path = lista.png; sourceTree = "<group>"; };
		123320A41D24922300BE0A95 /* sobre.png */ = {isa = PBXFileReference; lastKnownFileType = image.png; path = sobre.png; sourceTree = "<group>"; };
		123320A91D257B4700BE0A95 /* menu-de-lineas.png */ = {isa = PBXFileReference; lastKnownFileType = image.png; path = "menu-de-lineas.png"; sourceTree = "<group>"; };
		123320AB1D257BA000BE0A95 /* menu-de-lineas (1).png */ = {isa = PBXFileReference; lastKnownFileType = image.png; path = "menu-de-lineas (1).png"; sourceTree = "<group>"; };
		123320AD1D2717BD00BE0A95 /* sobre-de-carta.png */ = {isa = PBXFileReference; lastKnownFileType = image.png; path = "sobre-de-carta.png"; sourceTree = "<group>"; };
		123320AF1D27198600BE0A95 /* EmailListaStaticticsController.swift */ = {isa = PBXFileReference; fileEncoding = 4; lastKnownFileType = sourcecode.swift; path = EmailListaStaticticsController.swift; sourceTree = "<group>"; };
		12477AD41D110316005B6391 /* vmc_app.app */ = {isa = PBXFileReference; explicitFileType = wrapper.application; includeInIndex = 0; path = vmc_app.app; sourceTree = BUILT_PRODUCTS_DIR; };
		12477AD71D110316005B6391 /* AppDelegate.swift */ = {isa = PBXFileReference; lastKnownFileType = sourcecode.swift; path = AppDelegate.swift; sourceTree = "<group>"; };
		12477AD91D110316005B6391 /* ViewController.swift */ = {isa = PBXFileReference; lastKnownFileType = sourcecode.swift; path = ViewController.swift; sourceTree = "<group>"; };
		12477ADC1D110316005B6391 /* Base */ = {isa = PBXFileReference; lastKnownFileType = file.storyboard; name = Base; path = Base.lproj/Main.storyboard; sourceTree = "<group>"; };
		12477ADE1D110316005B6391 /* Assets.xcassets */ = {isa = PBXFileReference; lastKnownFileType = folder.assetcatalog; path = Assets.xcassets; sourceTree = "<group>"; };
		12477AE11D110316005B6391 /* Base */ = {isa = PBXFileReference; lastKnownFileType = file.storyboard; name = Base; path = Base.lproj/LaunchScreen.storyboard; sourceTree = "<group>"; };
		12477AE31D110316005B6391 /* Info.plist */ = {isa = PBXFileReference; lastKnownFileType = text.plist.xml; path = Info.plist; sourceTree = "<group>"; };
		12477AEA1D110347005B6391 /* vmc2-plus.jpg */ = {isa = PBXFileReference; lastKnownFileType = image.jpeg; path = "vmc2-plus.jpg"; sourceTree = "<group>"; };
		12477AEB1D110347005B6391 /* logo.png */ = {isa = PBXFileReference; lastKnownFileType = image.png; path = logo.png; sourceTree = "<group>"; };
/* End PBXFileReference section */

/* Begin PBXFrameworksBuildPhase section */
		12477AD11D110315005B6391 /* Frameworks */ = {
			isa = PBXFrameworksBuildPhase;
			buildActionMask = 2147483647;
			files = (
			);
			runOnlyForDeploymentPostprocessing = 0;
		};
/* End PBXFrameworksBuildPhase section */

/* Begin PBXGroup section */
		12477ACB1D110315005B6391 = {
			isa = PBXGroup;
			children = (
				12477AD61D110316005B6391 /* vmc_app */,
				12477AD51D110316005B6391 /* Products */,
			);
			sourceTree = "<group>";
		};
		12477AD51D110316005B6391 /* Products */ = {
			isa = PBXGroup;
			children = (
				12477AD41D110316005B6391 /* vmc_app.app */,
			);
			name = Products;
			sourceTree = "<group>";
		};
		12477AD61D110316005B6391 /* vmc_app */ = {
			isa = PBXGroup;
			children = (
				12F26A401D1D33B000D3F9F6 /* controllers */,
				12F26A3F1D1D335400D3F9F6 /* views */,
				12477AE91D11032F005B6391 /* resources */,
				12477AD71D110316005B6391 /* AppDelegate.swift */,
				12477ADE1D110316005B6391 /* Assets.xcassets */,
				12477AE01D110316005B6391 /* LaunchScreen.storyboard */,
				12477AE31D110316005B6391 /* Info.plist */,
			);
			path = vmc_app;
			sourceTree = "<group>";
		};
		12477AE91D11032F005B6391 /* resources */ = {
			isa = PBXGroup;
			children = (
				123320911D23E34400BE0A95 /* bg_navcontroller.png */,
				123320AD1D2717BD00BE0A95 /* sobre-de-carta.png */,
				123320951D2422FF00BE0A95 /* muestra_bar.png */,
				123320A11D24922300BE0A95 /* boton-anadir.png */,
				123320A21D24922300BE0A95 /* flecha-derecha.png */,
				123320AB1D257BA000BE0A95 /* menu-de-lineas (1).png */,
				123320A91D257B4700BE0A95 /* menu-de-lineas.png */,
				123320A31D24922300BE0A95 /* lista.png */,
				123320A41D24922300BE0A95 /* sobre.png */,
				12477AEA1D110347005B6391 /* vmc2-plus.jpg */,
				12477AEB1D110347005B6391 /* logo.png */,
			);
			name = resources;
			sourceTree = "<group>";
		};
		12F26A3F1D1D335400D3F9F6 /* views */ = {
			isa = PBXGroup;
			children = (
				12477ADB1D110316005B6391 /* Main.storyboard */,
			);
			name = views;
			sourceTree = "<group>";
		};
		12F26A401D1D33B000D3F9F6 /* controllers */ = {
			isa = PBXGroup;
			children = (
				12477AD91D110316005B6391 /* ViewController.swift */,
				1233208F1D230F4900BE0A95 /* LoginViewController.swift */,
				123320AF1D27198600BE0A95 /* EmailListaStaticticsController.swift */,
				120DC5A11D2DF18200BADDCA /* CampaignsViewController.swift */,
				120DC5A31D2DF21E00BADDCA /* StaticticsViewController.swift */,
			);
			name = controllers;
			sourceTree = "<group>";
		};
/* End PBXGroup section */

/* Begin PBXNativeTarget section */
		12477AD31D110315005B6391 /* vmc_app */ = {
			isa = PBXNativeTarget;
			buildConfigurationList = 12477AE61D110316005B6391 /* Build configuration list for PBXNativeTarget "vmc_app" */;
			buildPhases = (
				12477AD01D110315005B6391 /* Sources */,
				12477AD11D110315005B6391 /* Frameworks */,
				12477AD21D110315005B6391 /* Resources */,
			);
			buildRules = (
			);
			dependencies = (
			);
			name = vmc_app;
			productName = vmc_app;
			productReference = 12477AD41D110316005B6391 /* vmc_app.app */;
			productType = "com.apple.product-type.application";
		};
/* End PBXNativeTarget section */

/* Begin PBXProject section */
		12477ACC1D110315005B6391 /* Project object */ = {
			isa = PBXProject;
			attributes = {
				LastSwiftUpdateCheck = 0730;
				LastUpgradeCheck = 0730;
				ORGANIZATIONNAME = HispanoSoluciones;
				TargetAttributes = {
					12477AD31D110315005B6391 = {
						CreatedOnToolsVersion = 7.3;
					};
				};
			};
			buildConfigurationList = 12477ACF1D110315005B6391 /* Build configuration list for PBXProject "vmc_app" */;
			compatibilityVersion = "Xcode 3.2";
			developmentRegion = English;
			hasScannedForEncodings = 0;
			knownRegions = (
				en,
				Base,
			);
			mainGroup = 12477ACB1D110315005B6391;
			productRefGroup = 12477AD51D110316005B6391 /* Products */;
			projectDirPath = "";
			projectRoot = "";
			targets = (
				12477AD31D110315005B6391 /* vmc_app */,
			);
		};
/* End PBXProject section */

/* Begin PBXResourcesBuildPhase section */
		12477AD21D110315005B6391 /* Resources */ = {
			isa = PBXResourcesBuildPhase;
			buildActionMask = 2147483647;
			files = (
				123320A51D24922300BE0A95 /* boton-anadir.png in Resources */,
				12477AE21D110316005B6391 /* LaunchScreen.storyboard in Resources */,
				12477AED1D110347005B6391 /* logo.png in Resources */,
				123320921D23E34400BE0A95 /* bg_navcontroller.png in Resources */,
				123320A81D24922300BE0A95 /* sobre.png in Resources */,
				123320AC1D257BA000BE0A95 /* menu-de-lineas (1).png in Resources */,
				123320A71D24922300BE0A95 /* lista.png in Resources */,
				12477AEC1D110347005B6391 /* vmc2-plus.jpg in Resources */,
				123320961D2422FF00BE0A95 /* muestra_bar.png in Resources */,
				12477ADF1D110316005B6391 /* Assets.xcassets in Resources */,
				123320AA1D257B4800BE0A95 /* menu-de-lineas.png in Resources */,
				12477ADD1D110316005B6391 /* Main.storyboard in Resources */,
				123320AE1D2717BE00BE0A95 /* sobre-de-carta.png in Resources */,
				123320A61D24922300BE0A95 /* flecha-derecha.png in Resources */,
			);
			runOnlyForDeploymentPostprocessing = 0;
		};
/* End PBXResourcesBuildPhase section */

/* Begin PBXSourcesBuildPhase section */
		12477AD01D110315005B6391 /* Sources */ = {
			isa = PBXSourcesBuildPhase;
			buildActionMask = 2147483647;
			files = (
				123320901D230F4A00BE0A95 /* LoginViewController.swift in Sources */,
				120DC5A41D2DF21E00BADDCA /* StaticticsViewController.swift in Sources */,
				12477ADA1D110316005B6391 /* ViewController.swift in Sources */,
				12477AD81D110316005B6391 /* AppDelegate.swift in Sources */,
				120DC5A21D2DF18200BADDCA /* CampaignsViewController.swift in Sources */,
				123320B01D27198600BE0A95 /* EmailListaStaticticsController.swift in Sources */,
			);
			runOnlyForDeploymentPostprocessing = 0;
		};
/* End PBXSourcesBuildPhase section */

/* Begin PBXVariantGroup section */
		12477ADB1D110316005B6391 /* Main.storyboard */ = {
			isa = PBXVariantGroup;
			children = (
				12477ADC1D110316005B6391 /* Base */,
			);
			name = Main.storyboard;
			sourceTree = "<group>";
		};
		12477AE01D110316005B6391 /* LaunchScreen.storyboard */ = {
			isa = PBXVariantGroup;
			children = (
				12477AE11D110316005B6391 /* Base */,
			);
			name = LaunchScreen.storyboard;
			sourceTree = "<group>";
		};
/* End PBXVariantGroup section */

/* Begin XCBuildConfiguration section */
		12477AE41D110316005B6391 /* Debug */ = {
			isa = XCBuildConfiguration;
			buildSettings = {
				ALWAYS_SEARCH_USER_PATHS = NO;
				CLANG_ANALYZER_NONNULL = YES;
				CLANG_CXX_LANGUAGE_STANDARD = "gnu++0x";
				CLANG_CXX_LIBRARY = "libc++";
				CLANG_ENABLE_MODULES = YES;
				CLANG_ENABLE_OBJC_ARC = YES;
				CLANG_WARN_BOOL_CONVERSION = YES;
				CLANG_WARN_CONSTANT_CONVERSION = YES;
				CLANG_WARN_DIRECT_OBJC_ISA_USAGE = YES_ERROR;
				CLANG_WARN_EMPTY_BODY = YES;
				CLANG_WARN_ENUM_CONVERSION = YES;
				CLANG_WARN_INT_CONVERSION = YES;
				CLANG_WARN_OBJC_ROOT_CLASS = YES_ERROR;
				CLANG_WARN_UNREACHABLE_CODE = YES;
				CLANG_WARN__DUPLICATE_METHOD_MATCH = YES;
				"CODE_SIGN_IDENTITY[sdk=iphoneos*]" = "iPhone Developer";
				COPY_PHASE_STRIP = NO;
				DEBUG_INFORMATION_FORMAT = dwarf;
				ENABLE_STRICT_OBJC_MSGSEND = YES;
				ENABLE_TESTABILITY = YES;
				GCC_C_LANGUAGE_STANDARD = gnu99;
				GCC_DYNAMIC_NO_PIC = NO;
				GCC_NO_COMMON_BLOCKS = YES;
				GCC_OPTIMIZATION_LEVEL = 0;
				GCC_PREPROCESSOR_DEFINITIONS = (
					"DEBUG=1",
					"$(inherited)",
				);
				GCC_WARN_64_TO_32_BIT_CONVERSION = YES;
				GCC_WARN_ABOUT_RETURN_TYPE = YES_ERROR;
				GCC_WARN_UNDECLARED_SELECTOR = YES;
				GCC_WARN_UNINITIALIZED_AUTOS = YES_AGGRESSIVE;
				GCC_WARN_UNUSED_FUNCTION = YES;
				GCC_WARN_UNUSED_VARIABLE = YES;
				IPHONEOS_DEPLOYMENT_TARGET = 9.3;
				MTL_ENABLE_DEBUG_INFO = YES;
				ONLY_ACTIVE_ARCH = YES;
				SDKROOT = iphoneos;
				SWIFT_OPTIMIZATION_LEVEL = "-Onone";
				TARGETED_DEVICE_FAMILY = "1,2";
			};
			name = Debug;
		};
		12477AE51D110316005B6391 /* Release */ = {
			isa = XCBuildConfiguration;
			buildSettings = {
				ALWAYS_SEARCH_USER_PATHS = NO;
				CLANG_ANALYZER_NONNULL = YES;
				CLANG_CXX_LANGUAGE_STANDARD = "gnu++0x";
				CLANG_CXX_LIBRARY = "libc++";
				CLANG_ENABLE_MODULES = YES;
				CLANG_ENABLE_OBJC_ARC = YES;
				CLANG_WARN_BOOL_CONVERSION = YES;
				CLANG_WARN_CONSTANT_CONVERSION = YES;
				CLANG_WARN_DIRECT_OBJC_ISA_USAGE = YES_ERROR;
				CLANG_WARN_EMPTY_BODY = YES;
				CLANG_WARN_ENUM_CONVERSION = YES;
				CLANG_WARN_INT_CONVERSION = YES;
				CLANG_WARN_OBJC_ROOT_CLASS = YES_ERROR;
				CLANG_WARN_UNREACHABLE_CODE = YES;
				CLANG_WARN__DUPLICATE_METHOD_MATCH = YES;
				"CODE_SIGN_IDENTITY[sdk=iphoneos*]" = "iPhone Developer";
				COPY_PHASE_STRIP = NO;
				DEBUG_INFORMATION_FORMAT = "dwarf-with-dsym";
				ENABLE_NS_ASSERTIONS = NO;
				ENABLE_STRICT_OBJC_MSGSEND = YES;
				GCC_C_LANGUAGE_STANDARD = gnu99;
				GCC_NO_COMMON_BLOCKS = YES;
				GCC_WARN_64_TO_32_BIT_CONVERSION = YES;
				GCC_WARN_ABOUT_RETURN_TYPE = YES_ERROR;
				GCC_WARN_UNDECLARED_SELECTOR = YES;
				GCC_WARN_UNINITIALIZED_AUTOS = YES_AGGRESSIVE;
				GCC_WARN_UNUSED_FUNCTION = YES;
				GCC_WARN_UNUSED_VARIABLE = YES;
				IPHONEOS_DEPLOYMENT_TARGET = 9.3;
				MTL_ENABLE_DEBUG_INFO = NO;
				SDKROOT = iphoneos;
				TARGETED_DEVICE_FAMILY = "1,2";
				VALIDATE_PRODUCT = YES;
			};
			name = Release;
		};
		12477AE71D110316005B6391 /* Debug */ = {
			isa = XCBuildConfiguration;
			buildSettings = {
				ASSETCATALOG_COMPILER_APPICON_NAME = AppIcon;
				INFOPLIST_FILE = vmc_app/Info.plist;
				LD_RUNPATH_SEARCH_PATHS = "$(inherited) @executable_path/Frameworks";
				PRODUCT_BUNDLE_IDENTIFIER = "hispano.soluciones.vmc-app";
				PRODUCT_NAME = "$(TARGET_NAME)";
			};
			name = Debug;
		};
		12477AE81D110316005B6391 /* Release */ = {
			isa = XCBuildConfiguration;
			buildSettings = {
				ASSETCATALOG_COMPILER_APPICON_NAME = AppIcon;
				INFOPLIST_FILE = vmc_app/Info.plist;
				LD_RUNPATH_SEARCH_PATHS = "$(inherited) @executable_path/Frameworks";
				PRODUCT_BUNDLE_IDENTIFIER = "hispano.soluciones.vmc-app";
				PRODUCT_NAME = "$(TARGET_NAME)";
			};
			name = Release;
		};
/* End XCBuildConfiguration section */

/* Begin XCConfigurationList section */
		12477ACF1D110315005B6391 /* Build configuration list for PBXProject "vmc_app" */ = {
			isa = XCConfigurationList;
			buildConfigurations = (
				12477AE41D110316005B6391 /* Debug */,
				12477AE51D110316005B6391 /* Release */,
			);
			defaultConfigurationIsVisible = 0;
			defaultConfigurationName = Release;
		};
		12477AE61D110316005B6391 /* Build configuration list for PBXNativeTarget "vmc_app" */ = {
			isa = XCConfigurationList;
			buildConfigurations = (
				12477AE71D110316005B6391 /* Debug */,
				12477AE81D110316005B6391 /* Release */,
			);
			defaultConfigurationIsVisible = 0;
			defaultConfigurationName = Release;
		};
/* End XCConfigurationList section */
	};
	rootObject = 12477ACC1D110315005B6391 /* Project object */;
}
